
Microsoft Visual Studio Solution File, Format Version 12.00
# Visual Studio 15
VisualStudioVersion = 15.0.28307.102
MinimumVisualStudioVersion = 10.0.40219.1
Project("{FAE04EC0-301F-11D3-BF4B-00C04F79EFBC}") = "DelegatesEvents", "DelegatesEvents\DelegatesEvents.csproj", "{C5C0F842-25B4-448B-9354-253B6D2B1E66}"
EndProject
Global
	GlobalSection(SolutionConfigurationPlatforms) = preSolution
		Debug|Any CPU = Debug|Any CPU
		Release|Any CPU = Release|Any CPU
	EndGlobalSection
	GlobalSection(ProjectConfigurationPlatforms) = postSolution
		{C5C0F842-25B4-448B-9354-253B6D2B1E66}.Debug|Any CPU.ActiveCfg = Debug|Any CPU
		{C5C0F842-25B4-448B-9354-253B6D2B1E66}.Debug|Any CPU.Build.0 = Debug|Any CPU
		{C5C0F842-25B4-448B-9354-253B6D2B1E66}.Release|Any CPU.ActiveCfg = Release|Any CPU
		{C5C0F842-25B4-448B-9354-253B6D2B1E66}.Release|Any CPU.Build.0 = Release|Any CPU
	EndGlobalSection
	GlobalSection(SolutionProperties) = preSolution
		HideSolutionNode = FALSE
	EndGlobalSection
	GlobalSection(ExtensibilityGlobals) = postSolution
		SolutionGuid = {89F8FE9E-3C83-47C1-AEA9-1594FBB0593D}
	EndGlobalSection
EndGlobal
